Microsoft Visual Studio Solution File, Format Version 12.00
# Visual Studio Version 17
VisualStudioVersion = 17.5.2.0
MinimumVisualStudioVersion = 10.0.40219.1
Project("{FAE04EC0-301F-11D3-BF4B-00C04F79EFBC}") = "kurslar", "kurslar.csproj", "{8F7A3AE2-17A5-FA94-F8A2-CC8CD809E03E}"
EndProject
Global
	GlobalSection(SolutionConfigurationPlatforms) = preSolution
		Debug|Any CPU = Debug|Any CPU
		Release|Any CPU = Release|Any CPU
	EndGlobalSection
	GlobalSection(ProjectConfigurationPlatforms) = postSolution
		{8F7A3AE2-17A5-FA94-F8A2-CC8CD809E03E}.Debug|Any CPU.ActiveCfg = Debug|Any CPU
		{8F7A3AE2-17A5-FA94-F8A2-CC8CD809E03E}.Debug|Any CPU.Build.0 = Debug|Any CPU
		{8F7A3AE2-17A5-FA94-F8A2-CC8CD809E03E}.Release|Any CPU.ActiveCfg = Release|Any CPU
		{8F7A3AE2-17A5-FA94-F8A2-CC8CD809E03E}.Release|Any CPU.Build.0 = Release|Any CPU
	EndGlobalSection
	GlobalSection(SolutionProperties) = preSolution
		HideSolutionNode = FALSE
	EndGlobalSection
	GlobalSection(ExtensibilityGlobals) = postSolution
		SolutionGuid = {75771F2D-7043-449F-BC21-9B55AFB60099}
	EndGlobalSection
EndGlobal
